
Microsoft Visual Studio Solution File, Format Version 12.00
# Visual Studio Version 17
VisualStudioVersion = 17.5.002.0
MinimumVisualStudioVersion = 10.0.40219.1
Project("{9A19103F-16F7-4668-BE54-9A1E7A4F7556}") = "CFM", "CFM.csproj", "{CD0BC8E9-6068-437E-A04C-99D0AF109EB6}"
EndProject
Global
	GlobalSection(SolutionConfigurationPlatforms) = preSolution
		Debug|Any CPU = Debug|Any CPU
		Release|Any CPU = Release|Any CPU
	EndGlobalSection
	GlobalSection(ProjectConfigurationPlatforms) = postSolution
		{CD0BC8E9-6068-437E-A04C-99D0AF109EB6}.Debug|Any CPU.ActiveCfg = Debug|Any CPU
		{CD0BC8E9-6068-437E-A04C-99D0AF109EB6}.Debug|Any CPU.Build.0 = Debug|Any CPU
		{CD0BC8E9-6068-437E-A04C-99D0AF109EB6}.Release|Any CPU.ActiveCfg = Release|Any CPU
		{CD0BC8E9-6068-437E-A04C-99D0AF109EB6}.Release|Any CPU.Build.0 = Release|Any CPU
	EndGlobalSection
	GlobalSection(SolutionProperties) = preSolution
		HideSolutionNode = FALSE
	EndGlobalSection
	GlobalSection(ExtensibilityGlobals) = postSolution
		SolutionGuid = {AEA8C69F-7758-46B8-AF06-1D49143EABF1}
	EndGlobalSection
EndGlobal
